PODS:
  - Flutter (1.0.0)
  - permission_handler_apple (9.0.4):
    - Flutter
  - scandit_flutter_datacapture_core (6.19.0-beta.1-SNAPSHOT):
    - Flutter
  - scandit_flutter_datacapture_parser (6.19.0-beta.1-SNAPSHOT):
    - Flutter
    - scandit_flutter_datacapture_core
  - scandit_flutter_datacapture_text (6.19.0-beta.1-SNAPSHOT):
    - Flutter
    - scandit_flutter_datacapture_core

DEPENDENCIES:
  - Flutter (from `Flutter`)
  - permission_handler_apple (from `.symlinks/plugins/permission_handler_apple/ios`)
  - scandit_flutter_datacapture_core (from `.symlinks/plugins/scandit_flutter_datacapture_core/ios`)
  - scandit_flutter_datacapture_parser (from `.symlinks/plugins/scandit_flutter_datacapture_parser/ios`)
  - scandit_flutter_datacapture_text (from `.symlinks/plugins/scandit_flutter_datacapture_text/ios`)

EXTERNAL SOURCES:
  Flutter:
    :path: Flutter
  permission_handler_apple:
    :path: ".symlinks/plugins/permission_handler_apple/ios"
  scandit_flutter_datacapture_core:
    :path: ".symlinks/plugins/scandit_flutter_datacapture_core/ios"
  scandit_flutter_datacapture_parser:
    :path: ".symlinks/plugins/scandit_flutter_datacapture_parser/ios"
  scandit_flutter_datacapture_text:
    :path: ".symlinks/plugins/scandit_flutter_datacapture_text/ios"

SPEC CHECKSUMS:
  Flutter: f04841e97a9d0b0a8025694d0796dd46242b2854
  permission_handler_apple: 44366e37eaf29454a1e7b1b7d736c2cceaeb17ce
  scandit_flutter_datacapture_core: 7bbc38a68ad47fd51fee8b8194c675f4ea6cbee2
  scandit_flutter_datacapture_parser: f1bad39fa9e1e2a5da868ee8b7b92d42f0037261
  scandit_flutter_datacapture_text: da7ab6e9addda68da78d7d10f44d8651731b9761

PODFILE CHECKSUM: 442b54d72cc483a7c1e90cac6868a9672d3be08b

COCOAPODS: 1.11.3
