PODS:
  - Flutter (1.0.0)
  - "permission_handler (5.1.0+2)":
    - Flutter
  - scandit_flutter_datacapture_barcode (6.11.0-beta.1.snapshot):
    - Flutter
    - scandit_flutter_datacapture_core
  - scandit_flutter_datacapture_core (6.11.0-beta.1.snapshot):
    - Flutter

DEPENDENCIES:
  - Flutter (from `Flutter`)
  - permission_handler (from `.symlinks/plugins/permission_handler/ios`)
  - scandit_flutter_datacapture_barcode (from `.symlinks/plugins/scandit_flutter_datacapture_barcode/ios`)
  - scandit_flutter_datacapture_core (from `.symlinks/plugins/scandit_flutter_datacapture_core/ios`)

EXTERNAL SOURCES:
  Flutter:
    :path: Flutter
  permission_handler:
    :path: ".symlinks/plugins/permission_handler/ios"
  scandit_flutter_datacapture_barcode:
    :path: ".symlinks/plugins/scandit_flutter_datacapture_barcode/ios"
  scandit_flutter_datacapture_core:
    :path: ".symlinks/plugins/scandit_flutter_datacapture_core/ios"

SPEC CHECKSUMS:
  Flutter: 50d75fe2f02b26cc09d224853bb45737f8b3214a
  permission_handler: ccb20a9fad0ee9b1314a52b70b76b473c5f8dab0
  scandit_flutter_datacapture_barcode: adf1621aeea647bab5899598cfe5d035f9ea994e
  scandit_flutter_datacapture_core: 13995458976dbc145d9b60a15324312b730c4dc3

PODFILE CHECKSUM: ebc10380cf8b555432c17a73c601d70629c80f08

COCOAPODS: 1.10.1
